// !$*UTF8*$!
{
	archiveVersion = 1;
	classes = {
	};
	objectVersion = 55;
	objects = {

/* Begin PBXBuildFile section */
		406B604B27A05BD300B22951 /* EditItemView.swift in Sources */ = {isa = PBXBuildFile; fileRef = 406B604A27A05BD300B22951 /* EditItemView.swift */; };
		406B604D27A067F000B22951 /* ItemRowView.swift in Sources */ = {isa = PBXBuildFile; fileRef = 406B604C27A067F000B22951 /* ItemRowView.swift */; };
		406B606D27A1D6AF00B22951 /* Binding-OnChange.swift in Sources */ = {isa = PBXBuildFile; fileRef = 406B606C27A1D6AF00B22951 /* Binding-OnChange.swift */; };
		406B607127A1E29C00B22951 /* ProjectHeaderView.swift in Sources */ = {isa = PBXBuildFile; fileRef = 406B607027A1E29C00B22951 /* ProjectHeaderView.swift */; };
		406B607527A1EB1800B22951 /* Colors.xcassets in Resources */ = {isa = PBXBuildFile; fileRef = 406B607427A1EB1800B22951 /* Colors.xcassets */; };
		4075C326279F3DB30058B900 /* Item-CoreDataHelpers.swift in Sources */ = {isa = PBXBuildFile; fileRef = 4075C325279F3DB30058B900 /* Item-CoreDataHelpers.swift */; };
		4075C328279F3F460058B900 /* Project-CoreDataHelpers.swift in Sources */ = {isa = PBXBuildFile; fileRef = 4075C327279F3F460058B900 /* Project-CoreDataHelpers.swift */; };
		4096AD352798B0FD009C05A6 /* TodoistApp.swift in Sources */ = {isa = PBXBuildFile; fileRef = 4096AD342798B0FD009C05A6 /* TodoistApp.swift */; };
		4096AD372798B0FD009C05A6 /* ContentView.swift in Sources */ = {isa = PBXBuildFile; fileRef = 4096AD362798B0FD009C05A6 /* ContentView.swift */; };
		4096AD392798B0FF009C05A6 /* Assets.xcassets in Resources */ = {isa = PBXBuildFile; fileRef = 4096AD382798B0FF009C05A6 /* Assets.xcassets */; };
		4096AD3C2798B0FF009C05A6 /* Preview Assets.xcassets in Resources */ = {isa = PBXBuildFile; fileRef = 4096AD3B2798B0FF009C05A6 /* Preview Assets.xcassets */; };
		4096AD442798B10E009C05A6 /* Main.xcdatamodeld in Sources */ = {isa = PBXBuildFile; fileRef = 4096AD422798B10E009C05A6 /* Main.xcdatamodeld */; };
		4096AD462798B4E5009C05A6 /* DataController.swift in Sources */ = {isa = PBXBuildFile; fileRef = 4096AD452798B4E5009C05A6 /* DataController.swift */; };
		40E0C94E279B41C20098E3E2 /* HomeView.swift in Sources */ = {isa = PBXBuildFile; fileRef = 40E0C94D279B41C20098E3E2 /* HomeView.swift */; };
		40E0C950279B42600098E3E2 /* ProjectsView.swift in Sources */ = {isa = PBXBuildFile; fileRef = 40E0C94F279B42600098E3E2 /* ProjectsView.swift */; };
/* End PBXBuildFile section */

/* Begin PBXFileReference section */
		406B604A27A05BD300B22951 /* EditItemView.swift */ = {isa = PBXFileReference; lastKnownFileType = sourcecode.swift; path = EditItemView.swift; sourceTree = "<group>"; };
		406B604C27A067F000B22951 /* ItemRowView.swift */ = {isa = PBXFileReference; lastKnownFileType = sourcecode.swift; path = ItemRowView.swift; sourceTree = "<group>"; };
		406B606C27A1D6AF00B22951 /* Binding-OnChange.swift */ = {isa = PBXFileReference; lastKnownFileType = sourcecode.swift; path = "Binding-OnChange.swift"; sourceTree = "<group>"; };
		406B607027A1E29C00B22951 /* ProjectHeaderView.swift */ = {isa = PBXFileReference; lastKnownFileType = sourcecode.swift; path = ProjectHeaderView.swift; sourceTree = "<group>"; };
		406B607427A1EB1800B22951 /* Colors.xcassets */ = {isa = PBXFileReference; lastKnownFileType = folder.assetcatalog; path = Colors.xcassets; sourceTree = "<group>"; };
		4075C325279F3DB30058B900 /* Item-CoreDataHelpers.swift */ = {isa = PBXFileReference; lastKnownFileType = sourcecode.swift; path = "Item-CoreDataHelpers.swift"; sourceTree = "<group>"; };
		4075C327279F3F460058B900 /* Project-CoreDataHelpers.swift */ = {isa = PBXFileReference; lastKnownFileType = sourcecode.swift; path = "Project-CoreDataHelpers.swift"; sourceTree = "<group>"; };
		4096AD312798B0FD009C05A6 /* Todoist.app */ = {isa = PBXFileReference; explicitFileType = wrapper.application; includeInIndex = 0; path = Todoist.app; sourceTree = BUILT_PRODUCTS_DIR; };
		4096AD342798B0FD009C05A6 /* TodoistApp.swift */ = {isa = PBXFileReference; lastKnownFileType = sourcecode.swift; path = TodoistApp.swift; sourceTree = "<group>"; };
		4096AD362798B0FD009C05A6 /* ContentView.swift */ = {isa = PBXFileReference; lastKnownFileType = sourcecode.swift; path = ContentView.swift; sourceTree = "<group>"; };
		4096AD382798B0FF009C05A6 /* Assets.xcassets */ = {isa = PBXFileReference; lastKnownFileType = folder.assetcatalog; path = Assets.xcassets; sourceTree = "<group>"; };
		4096AD3B2798B0FF009C05A6 /* Preview Assets.xcassets */ = {isa = PBXFileReference; lastKnownFileType = folder.assetcatalog; path = "Preview Assets.xcassets"; sourceTree = "<group>"; };
		4096AD432798B10E009C05A6 /* Main.xcdatamodel */ = {isa = PBXFileReference; lastKnownFileType = wrapper.xcdatamodel; path = Main.xcdatamodel; sourceTree = "<group>"; };
		4096AD452798B4E5009C05A6 /* DataController.swift */ = {isa = PBXFileReference; lastKnownFileType = sourcecode.swift; path = DataController.swift; sourceTree = "<group>"; };
		4096AD472798C1EC009C05A6 /* Info.plist */ = {isa = PBXFileReference; lastKnownFileType = text.plist; path = Info.plist; sourceTree = "<group>"; };
		40E0C94D279B41C20098E3E2 /* HomeView.swift */ = {isa = PBXFileReference; lastKnownFileType = sourcecode.swift; path = HomeView.swift; sourceTree = "<group>"; };
		40E0C94F279B42600098E3E2 /* ProjectsView.swift */ = {isa = PBXFileReference; lastKnownFileType = sourcecode.swift; path = ProjectsView.swift; sourceTree = "<group>"; };
/* End PBXFileReference section */

/* Begin PBXFrameworksBuildPhase section */
		4096AD2E2798B0FD009C05A6 /* Frameworks */ = {
			isa = PBXFrameworksBuildPhase;
			buildActionMask = 2147483647;
			files = (
			);
			runOnlyForDeploymentPostprocessing = 0;
		};
/* End PBXFrameworksBuildPhase section */

/* Begin PBXGroup section */
		4096AD282798B0FD009C05A6 = {
			isa = PBXGroup;
			children = (
				4096AD332798B0FD009C05A6 /* Todoist */,
				4096AD322798B0FD009C05A6 /* Products */,
			);
			sourceTree = "<group>";
		};
		4096AD322798B0FD009C05A6 /* Products */ = {
			isa = PBXGroup;
			children = (
				4096AD312798B0FD009C05A6 /* Todoist.app */,
			);
			name = Products;
			sourceTree = "<group>";
		};
		4096AD332798B0FD009C05A6 /* Todoist */ = {
			isa = PBXGroup;
			children = (
				4096AD472798C1EC009C05A6 /* Info.plist */,
				4096AD342798B0FD009C05A6 /* TodoistApp.swift */,
				4096AD362798B0FD009C05A6 /* ContentView.swift */,
				406B604A27A05BD300B22951 /* EditItemView.swift */,
				406B606C27A1D6AF00B22951 /* Binding-OnChange.swift */,
				406B607027A1E29C00B22951 /* ProjectHeaderView.swift */,
				4075C325279F3DB30058B900 /* Item-CoreDataHelpers.swift */,
				4075C327279F3F460058B900 /* Project-CoreDataHelpers.swift */,
				4096AD382798B0FF009C05A6 /* Assets.xcassets */,
				406B607427A1EB1800B22951 /* Colors.xcassets */,
				4096AD3A2798B0FF009C05A6 /* Preview Content */,
				4096AD422798B10E009C05A6 /* Main.xcdatamodeld */,
				4096AD452798B4E5009C05A6 /* DataController.swift */,
				40E0C94D279B41C20098E3E2 /* HomeView.swift */,
				40E0C94F279B42600098E3E2 /* ProjectsView.swift */,
				406B604C27A067F000B22951 /* ItemRowView.swift */,
			);
			path = Todoist;
			sourceTree = "<group>";
		};
		4096AD3A2798B0FF009C05A6 /* Preview Content */ = {
			isa = PBXGroup;
			children = (
				4096AD3B2798B0FF009C05A6 /* Preview Assets.xcassets */,
			);
			path = "Preview Content";
			sourceTree = "<group>";
		};
/* End PBXGroup section */

/* Begin PBXNativeTarget section */
		4096AD302798B0FD009C05A6 /* Todoist */ = {
			isa = PBXNativeTarget;
			buildConfigurationList = 4096AD3F2798B0FF009C05A6 /* Build configuration list for PBXNativeTarget "Todoist" */;
			buildPhases = (
				4096AD2D2798B0FD009C05A6 /* Sources */,
				4096AD2E2798B0FD009C05A6 /* Frameworks */,
				4096AD2F2798B0FD009C05A6 /* Resources */,
			);
			buildRules = (
			);
			dependencies = (
			);
			name = Todoist;
			productName = Todoist;
			productReference = 4096AD312798B0FD009C05A6 /* Todoist.app */;
			productType = "com.apple.product-type.application";
		};
/* End PBXNativeTarget section */

/* Begin PBXProject section */
		4096AD292798B0FD009C05A6 /* Project object */ = {
			isa = PBXProject;
			attributes = {
				BuildIndependentTargetsInParallel = 1;
				LastSwiftUpdateCheck = 1320;
				LastUpgradeCheck = 1320;
				TargetAttributes = {
					4096AD302798B0FD009C05A6 = {
						CreatedOnToolsVersion = 13.2.1;
					};
				};
			};
			buildConfigurationList = 4096AD2C2798B0FD009C05A6 /* Build configuration list for PBXProject "Todoist" */;
			compatibilityVersion = "Xcode 13.0";
			developmentRegion = en;
			hasScannedForEncodings = 0;
			knownRegions = (
				en,
				Base,
			);
			mainGroup = 4096AD282798B0FD009C05A6;
			productRefGroup = 4096AD322798B0FD009C05A6 /* Products */;
			projectDirPath = "";
			projectRoot = "";
			targets = (
				4096AD302798B0FD009C05A6 /* Todoist */,
			);
		};
/* End PBXProject section */

/* Begin PBXResourcesBuildPhase section */
		4096AD2F2798B0FD009C05A6 /* Resources */ = {
			isa = PBXResourcesBuildPhase;
			buildActionMask = 2147483647;
			files = (
				406B607527A1EB1800B22951 /* Colors.xcassets in Resources */,
				4096AD3C2798B0FF009C05A6 /* Preview Assets.xcassets in Resources */,
				4096AD392798B0FF009C05A6 /* Assets.xcassets in Resources */,
			);
			runOnlyForDeploymentPostprocessing = 0;
		};
/* End PBXResourcesBuildPhase section */

/* Begin PBXSourcesBuildPhase section */
		4096AD2D2798B0FD009C05A6 /* Sources */ = {
			isa = PBXSourcesBuildPhase;
			buildActionMask = 2147483647;
			files = (
				40E0C950279B42600098E3E2 /* ProjectsView.swift in Sources */,
				406B607127A1E29C00B22951 /* ProjectHeaderView.swift in Sources */,
				4096AD442798B10E009C05A6 /* Main.xcdatamodeld in Sources */,
				4075C328279F3F460058B900 /* Project-CoreDataHelpers.swift in Sources */,
				4096AD462798B4E5009C05A6 /* DataController.swift in Sources */,
				406B604D27A067F000B22951 /* ItemRowView.swift in Sources */,
				4096AD372798B0FD009C05A6 /* ContentView.swift in Sources */,
				406B606D27A1D6AF00B22951 /* Binding-OnChange.swift in Sources */,
				40E0C94E279B41C20098E3E2 /* HomeView.swift in Sources */,
				4096AD352798B0FD009C05A6 /* TodoistApp.swift in Sources */,
				4075C326279F3DB30058B900 /* Item-CoreDataHelpers.swift in Sources */,
				406B604B27A05BD300B22951 /* EditItemView.swift in Sources */,
			);
			runOnlyForDeploymentPostprocessing = 0;
		};
/* End PBXSourcesBuildPhase section */

/* Begin XCBuildConfiguration section */
		4096AD3D2798B0FF009C05A6 /* Debug */ = {
			isa = XCBuildConfiguration;
			buildSettings = {
				ALWAYS_SEARCH_USER_PATHS = NO;
				CLANG_ANALYZER_NONNULL = YES;
				CLANG_ANALYZER_NUMBER_OBJECT_CONVERSION = YES_AGGRESSIVE;
				CLANG_CXX_LANGUAGE_STANDARD = "gnu++17";
				CLANG_CXX_LIBRARY = "libc++";
				CLANG_ENABLE_MODULES = YES;
				CLANG_ENABLE_OBJC_ARC = YES;
				CLANG_ENABLE_OBJC_WEAK = YES;
				CLANG_WARN_BLOCK_CAPTURE_AUTORELEASING = YES;
				CLANG_WARN_BOOL_CONVERSION = YES;
				CLANG_WARN_COMMA = YES;
				CLANG_WARN_CONSTANT_CONVERSION = YES;
				CLANG_WARN_DEPRECATED_OBJC_IMPLEMENTATIONS = YES;
				CLANG_WARN_DIRECT_OBJC_ISA_USAGE = YES_ERROR;
				CLANG_WARN_DOCUMENTATION_COMMENTS = YES;
				CLANG_WARN_EMPTY_BODY = YES;
				CLANG_WARN_ENUM_CONVERSION = YES;
				CLANG_WARN_INFINITE_RECURSION = YES;
				CLANG_WARN_INT_CONVERSION = YES;
				CLANG_WARN_NON_LITERAL_NULL_CONVERSION = YES;
				CLANG_WARN_OBJC_IMPLICIT_RETAIN_SELF = YES;
				CLANG_WARN_OBJC_LITERAL_CONVERSION = YES;
				CLANG_WARN_OBJC_ROOT_CLASS = YES_ERROR;
				CLANG_WARN_QUOTED_INCLUDE_IN_FRAMEWORK_HEADER = YES;
				CLANG_WARN_RANGE_LOOP_ANALYSIS = YES;
				CLANG_WARN_STRICT_PROTOTYPES = YES;
				CLANG_WARN_SUSPICIOUS_MOVE = YES;
				CLANG_WARN_UNGUARDED_AVAILABILITY = YES_AGGRESSIVE;
				CLANG_WARN_UNREACHABLE_CODE = YES;
				CLANG_WARN__DUPLICATE_METHOD_MATCH = YES;
				COPY_PHASE_STRIP = NO;
				DEBUG_INFORMATION_FORMAT = dwarf;
				ENABLE_STRICT_OBJC_MSGSEND = YES;
				ENABLE_TESTABILITY = YES;
				GCC_C_LANGUAGE_STANDARD = gnu11;
				GCC_DYNAMIC_NO_PIC = NO;
				GCC_NO_COMMON_BLOCKS = YES;
				GCC_OPTIMIZATION_LEVEL = 0;
				GCC_PREPROCESSOR_DEFINITIONS = (
					"DEBUG=1",
					"$(inherited)",
				);
				GCC_WARN_64_TO_32_BIT_CONVERSION = YES;
				GCC_WARN_ABOUT_RETURN_TYPE = YES_ERROR;
				GCC_WARN_UNDECLARED_SELECTOR = YES;
				GCC_WARN_UNINITIALIZED_AUTOS = YES_AGGRESSIVE;
				GCC_WARN_UNUSED_FUNCTION = YES;
				GCC_WARN_UNUSED_VARIABLE = YES;
				IPHONEOS_DEPLOYMENT_TARGET = 15.2;
				MTL_ENABLE_DEBUG_INFO = INCLUDE_SOURCE;
				MTL_FAST_MATH = YES;
				ONLY_ACTIVE_ARCH = YES;
				SDKROOT = iphoneos;
				SWIFT_ACTIVE_COMPILATION_CONDITIONS = DEBUG;
				SWIFT_OPTIMIZATION_LEVEL = "-Onone";
			};
			name = Debug;
		};
		4096AD3E2798B0FF009C05A6 /* Release */ = {
			isa = XCBuildConfiguration;
			buildSettings = {
				ALWAYS_SEARCH_USER_PATHS = NO;
				CLANG_ANALYZER_NONNULL = YES;
				CLANG_ANALYZER_NUMBER_OBJECT_CONVERSION = YES_AGGRESSIVE;
				CLANG_CXX_LANGUAGE_STANDARD = "gnu++17";
				CLANG_CXX_LIBRARY = "libc++";
				CLANG_ENABLE_MODULES = YES;
				CLANG_ENABLE_OBJC_ARC = YES;
				CLANG_ENABLE_OBJC_WEAK = YES;
				CLANG_WARN_BLOCK_CAPTURE_AUTORELEASING = YES;
				CLANG_WARN_BOOL_CONVERSION = YES;
				CLANG_WARN_COMMA = YES;
				CLANG_WARN_CONSTANT_CONVERSION = YES;
				CLANG_WARN_DEPRECATED_OBJC_IMPLEMENTATIONS = YES;
				CLANG_WARN_DIRECT_OBJC_ISA_USAGE = YES_ERROR;
				CLANG_WARN_DOCUMENTATION_COMMENTS = YES;
				CLANG_WARN_EMPTY_BODY = YES;
				CLANG_WARN_ENUM_CONVERSION = YES;
				CLANG_WARN_INFINITE_RECURSION = YES;
				CLANG_WARN_INT_CONVERSION = YES;
				CLANG_WARN_NON_LITERAL_NULL_CONVERSION = YES;
				CLANG_WARN_OBJC_IMPLICIT_RETAIN_SELF = YES;
				CLANG_WARN_OBJC_LITERAL_CONVERSION = YES;
				CLANG_WARN_OBJC_ROOT_CLASS = YES_ERROR;
				CLANG_WARN_QUOTED_INCLUDE_IN_FRAMEWORK_HEADER = YES;
				CLANG_WARN_RANGE_LOOP_ANALYSIS = YES;
				CLANG_WARN_STRICT_PROTOTYPES = YES;
				CLANG_WARN_SUSPICIOUS_MOVE = YES;
				CLANG_WARN_UNGUARDED_AVAILABILITY = YES_AGGRESSIVE;
				CLANG_WARN_UNREACHABLE_CODE = YES;
				CLANG_WARN__DUPLICATE_METHOD_MATCH = YES;
				COPY_PHASE_STRIP = NO;
				DEBUG_INFORMATION_FORMAT = "dwarf-with-dsym";
				ENABLE_NS_ASSERTIONS = NO;
				ENABLE_STRICT_OBJC_MSGSEND = YES;
				GCC_C_LANGUAGE_STANDARD = gnu11;
				GCC_NO_COMMON_BLOCKS = YES;
				GCC_WARN_64_TO_32_BIT_CONVERSION = YES;
				GCC_WARN_ABOUT_RETURN_TYPE = YES_ERROR;
				GCC_WARN_UNDECLARED_SELECTOR = YES;
				GCC_WARN_UNINITIALIZED_AUTOS = YES_AGGRESSIVE;
				GCC_WARN_UNUSED_FUNCTION = YES;
				GCC_WARN_UNUSED_VARIABLE = YES;
				IPHONEOS_DEPLOYMENT_TARGET = 15.2;
				MTL_ENABLE_DEBUG_INFO = NO;
				MTL_FAST_MATH = YES;
				SDKROOT = iphoneos;
				SWIFT_COMPILATION_MODE = wholemodule;
				SWIFT_OPTIMIZATION_LEVEL = "-O";
				VALIDATE_PRODUCT = YES;
			};
			name = Release;
		};
		4096AD402798B0FF009C05A6 /* Debug */ = {
			isa = XCBuildConfiguration;
			buildSettings = {
				ASSETCATALOG_COMPILER_APPICON_NAME = AppIcon;
				ASSETCATALOG_COMPILER_GLOBAL_ACCENT_COLOR_NAME = AccentColor;
				CODE_SIGN_STYLE = Automatic;
				CURRENT_PROJECT_VERSION = 1;
				DEVELOPMENT_ASSET_PATHS = "\"Todoist/Preview Content\"";
				DEVELOPMENT_TEAM = 2AS4F3T75B;
				ENABLE_PREVIEWS = YES;
				GENERATE_INFOPLIST_FILE = YES;
				INFOPLIST_FILE = Todoist/Info.plist;
				INFOPLIST_KEY_UIApplicationSceneManifest_Generation = YES;
				INFOPLIST_KEY_UIApplicationSupportsIndirectInputEvents = YES;
				INFOPLIST_KEY_UILaunchScreen_Generation = YES;
				INFOPLIST_KEY_UISupportedInterfaceOrientations_iPad = "UIInterfaceOrientationPortrait UIInterfaceOrientationPortraitUpsideDown UIInterfaceOrientationLandscapeLeft UIInterfaceOrientationLandscapeRight";
				INFOPLIST_KEY_UISupportedInterfaceOrientations_iPhone = "UIInterfaceOrientationPortrait UIInterfaceOrientationLandscapeLeft UIInterfaceOrientationLandscapeRight";
				LD_RUNPATH_SEARCH_PATHS = (
					"$(inherited)",
					"@executable_path/Frameworks",
				);
				MARKETING_VERSION = 1.0;
				PRODUCT_BUNDLE_IDENTIFIER = com.Frederico.Todoist;
				PRODUCT_NAME = "$(TARGET_NAME)";
				SWIFT_EMIT_LOC_STRINGS = YES;
				SWIFT_VERSION = 5.0;
				TARGETED_DEVICE_FAMILY = "1,2";
			};
			name = Debug;
		};
		4096AD412798B0FF009C05A6 /* Release */ = {
			isa = XCBuildConfiguration;
			buildSettings = {
				ASSETCATALOG_COMPILER_APPICON_NAME = AppIcon;
				ASSETCATALOG_COMPILER_GLOBAL_ACCENT_COLOR_NAME = AccentColor;
				CODE_SIGN_STYLE = Automatic;
				CURRENT_PROJECT_VERSION = 1;
				DEVELOPMENT_ASSET_PATHS = "\"Todoist/Preview Content\"";
				DEVELOPMENT_TEAM = 2AS4F3T75B;
				ENABLE_PREVIEWS = YES;
				GENERATE_INFOPLIST_FILE = YES;
				INFOPLIST_FILE = Todoist/Info.plist;
				INFOPLIST_KEY_UIApplicationSceneManifest_Generation = YES;
				INFOPLIST_KEY_UIApplicationSupportsIndirectInputEvents = YES;
				INFOPLIST_KEY_UILaunchScreen_Generation = YES;
				INFOPLIST_KEY_UISupportedInterfaceOrientations_iPad = "UIInterfaceOrientationPortrait UIInterfaceOrientationPortraitUpsideDown UIInterfaceOrientationLandscapeLeft UIInterfaceOrientationLandscapeRight";
				INFOPLIST_KEY_UISupportedInterfaceOrientations_iPhone = "UIInterfaceOrientationPortrait UIInterfaceOrientationLandscapeLeft UIInterfaceOrientationLandscapeRight";
				LD_RUNPATH_SEARCH_PATHS = (
					"$(inherited)",
					"@executable_path/Frameworks",
				);
				MARKETING_VERSION = 1.0;
				PRODUCT_BUNDLE_IDENTIFIER = com.Frederico.Todoist;
				PRODUCT_NAME = "$(TARGET_NAME)";
				SWIFT_EMIT_LOC_STRINGS = YES;
				SWIFT_VERSION = 5.0;
				TARGETED_DEVICE_FAMILY = "1,2";
			};
			name = Release;
		};
/* End XCBuildConfiguration section */

/* Begin XCConfigurationList section */
		4096AD2C2798B0FD009C05A6 /* Build configuration list for PBXProject "Todoist" */ = {
			isa = XCConfigurationList;
			buildConfigurations = (
				4096AD3D2798B0FF009C05A6 /* Debug */,
				4096AD3E2798B0FF009C05A6 /* Release */,
			);
			defaultConfigurationIsVisible = 0;
			defaultConfigurationName = Release;
		};
		4096AD3F2798B0FF009C05A6 /* Build configuration list for PBXNativeTarget "Todoist" */ = {
			isa = XCConfigurationList;
			buildConfigurations = (
				4096AD402798B0FF009C05A6 /* Debug */,
				4096AD412798B0FF009C05A6 /* Release */,
			);
			defaultConfigurationIsVisible = 0;
			defaultConfigurationName = Release;
		};
/* End XCConfigurationList section */

/* Begin XCVersionGroup section */
		4096AD422798B10E009C05A6 /* Main.xcdatamodeld */ = {
			isa = XCVersionGroup;
			children = (
				4096AD432798B10E009C05A6 /* Main.xcdatamodel */,
			);
			currentVersion = 4096AD432798B10E009C05A6 /* Main.xcdatamodel */;
			path = Main.xcdatamodeld;
			sourceTree = "<group>";
			versionGroupType = wrapper.xcdatamodel;
		};
/* End XCVersionGroup section */
	};
	rootObject = 4096AD292798B0FD009C05A6 /* Project object */;
}
