// !$*UTF8*$!
{
	archiveVersion = 1;
	classes = {
	};
	objectVersion = 55;
	objects = {

/* Begin PBXBuildFile section */
		4052948427BD9565009A5289 /* TodoistTests.swift in Sources */ = {isa = PBXBuildFile; fileRef = 4052948327BD9565009A5289 /* TodoistTests.swift */; };
		4052948B27BD96CD009A5289 /* AssetTest.swift in Sources */ = {isa = PBXBuildFile; fileRef = 4052948A27BD96CD009A5289 /* AssetTest.swift */; };
		405CD41D27AB1C17005BDEE3 /* SelectSomethingView.swift in Sources */ = {isa = PBXBuildFile; fileRef = 405CD41C27AB1C17005BDEE3 /* SelectSomethingView.swift */; };
		405D51ED27AC424D005C73EA /* Bundle-Decodable+Ext.swift in Sources */ = {isa = PBXBuildFile; fileRef = 405D51EC27AC424D005C73EA /* Bundle-Decodable+Ext.swift */; };
		405D51EF27AC4BC5005C73EA /* Award.swift in Sources */ = {isa = PBXBuildFile; fileRef = 405D51EE27AC4BC5005C73EA /* Award.swift */; };
		405D51F127AC4C84005C73EA /* AwardsView.swift in Sources */ = {isa = PBXBuildFile; fileRef = 405D51F027AC4C84005C73EA /* AwardsView.swift */; };
		405D51F327AC6D26005C73EA /* Color-Additions.swift in Sources */ = {isa = PBXBuildFile; fileRef = 405D51F227AC6D26005C73EA /* Color-Additions.swift */; };
		406B604B27A05BD300B22951 /* EditItemView.swift in Sources */ = {isa = PBXBuildFile; fileRef = 406B604A27A05BD300B22951 /* EditItemView.swift */; };
		406B604D27A067F000B22951 /* ItemRowView.swift in Sources */ = {isa = PBXBuildFile; fileRef = 406B604C27A067F000B22951 /* ItemRowView.swift */; };
		406B606D27A1D6AF00B22951 /* Binding-OnChange.swift in Sources */ = {isa = PBXBuildFile; fileRef = 406B606C27A1D6AF00B22951 /* Binding-OnChange.swift */; };
		406B607127A1E29C00B22951 /* ProjectHeaderView.swift in Sources */ = {isa = PBXBuildFile; fileRef = 406B607027A1E29C00B22951 /* ProjectHeaderView.swift */; };
		406B607527A1EB1800B22951 /* Colors.xcassets in Resources */ = {isa = PBXBuildFile; fileRef = 406B607427A1EB1800B22951 /* Colors.xcassets */; };
		4075C326279F3DB30058B900 /* Item-CoreDataHelpers.swift in Sources */ = {isa = PBXBuildFile; fileRef = 4075C325279F3DB30058B900 /* Item-CoreDataHelpers.swift */; };
		4075C328279F3F460058B900 /* Project-CoreDataHelpers.swift in Sources */ = {isa = PBXBuildFile; fileRef = 4075C327279F3F460058B900 /* Project-CoreDataHelpers.swift */; };
		4084C8A227A9C1CB00EC94E6 /* SequenceSorting+Ext.swift in Sources */ = {isa = PBXBuildFile; fileRef = 4084C8A127A9C1CB00EC94E6 /* SequenceSorting+Ext.swift */; };
		4096AD352798B0FD009C05A6 /* TodoistApp.swift in Sources */ = {isa = PBXBuildFile; fileRef = 4096AD342798B0FD009C05A6 /* TodoistApp.swift */; };
		4096AD372798B0FD009C05A6 /* ContentView.swift in Sources */ = {isa = PBXBuildFile; fileRef = 4096AD362798B0FD009C05A6 /* ContentView.swift */; };
		4096AD392798B0FF009C05A6 /* Assets.xcassets in Resources */ = {isa = PBXBuildFile; fileRef = 4096AD382798B0FF009C05A6 /* Assets.xcassets */; };
		4096AD3C2798B0FF009C05A6 /* Preview Assets.xcassets in Resources */ = {isa = PBXBuildFile; fileRef = 4096AD3B2798B0FF009C05A6 /* Preview Assets.xcassets */; };
		4096AD442798B10E009C05A6 /* Main.xcdatamodeld in Sources */ = {isa = PBXBuildFile; fileRef = 4096AD422798B10E009C05A6 /* Main.xcdatamodeld */; };
		4096AD462798B4E5009C05A6 /* DataController.swift in Sources */ = {isa = PBXBuildFile; fileRef = 4096AD452798B4E5009C05A6 /* DataController.swift */; };
		40AB920327A694DC00414070 /* EditProjectView.swift in Sources */ = {isa = PBXBuildFile; fileRef = 40AB920227A694DC00414070 /* EditProjectView.swift */; };
		40B533A527B44A9C00D6714F /* ItemListView.swift in Sources */ = {isa = PBXBuildFile; fileRef = 40B533A427B44A9C00D6714F /* ItemListView.swift */; };
		40B533A727B44B5000D6714F /* ProjectSummaryView.swift in Sources */ = {isa = PBXBuildFile; fileRef = 40B533A627B44B5000D6714F /* ProjectSummaryView.swift */; };
		40E0C94E279B41C20098E3E2 /* HomeView.swift in Sources */ = {isa = PBXBuildFile; fileRef = 40E0C94D279B41C20098E3E2 /* HomeView.swift */; };
		40E0C950279B42600098E3E2 /* ProjectsView.swift in Sources */ = {isa = PBXBuildFile; fileRef = 40E0C94F279B42600098E3E2 /* ProjectsView.swift */; };
		40EA931C27B1B08B00278227 /* Localizable.stringsdict in Resources */ = {isa = PBXBuildFile; fileRef = 40EA931B27B1B08B00278227 /* Localizable.stringsdict */; };
		40EA931D27B1BD0100278227 /* Localizable.strings in Resources */ = {isa = PBXBuildFile; fileRef = 40EA931F27B1BD0100278227 /* Localizable.strings */; };
		40EA932127B1BE4A00278227 /* Awards.json in Resources */ = {isa = PBXBuildFile; fileRef = 40EA932327B1BE4A00278227 /* Awards.json */; };
/* End PBXBuildFile section */

/* Begin PBXContainerItemProxy section */
		4052948527BD9565009A5289 /* PBXContainerItemProxy */ = {
			isa = PBXContainerItemProxy;
			containerPortal = 4096AD292798B0FD009C05A6 /* Project object */;
			proxyType = 1;
			remoteGlobalIDString = 4096AD302798B0FD009C05A6;
			remoteInfo = Todoist;
		};
/* End PBXContainerItemProxy section */

/* Begin PBXFileReference section */
		4052948127BD9565009A5289 /* TodoistTests.xctest */ = {isa = PBXFileReference; explicitFileType = wrapper.cfbundle; includeInIndex = 0; path = TodoistTests.xctest; sourceTree = BUILT_PRODUCTS_DIR; };
		4052948327BD9565009A5289 /* TodoistTests.swift */ = {isa = PBXFileReference; lastKnownFileType = sourcecode.swift; path = TodoistTests.swift; sourceTree = "<group>"; };
		4052948A27BD96CD009A5289 /* AssetTest.swift */ = {isa = PBXFileReference; lastKnownFileType = sourcecode.swift; path = AssetTest.swift; sourceTree = "<group>"; };
		405CD41C27AB1C17005BDEE3 /* SelectSomethingView.swift */ = {isa = PBXFileReference; lastKnownFileType = sourcecode.swift; path = SelectSomethingView.swift; sourceTree = "<group>"; };
		405D51EC27AC424D005C73EA /* Bundle-Decodable+Ext.swift */ = {isa = PBXFileReference; lastKnownFileType = sourcecode.swift; path = "Bundle-Decodable+Ext.swift"; sourceTree = "<group>"; };
		405D51EE27AC4BC5005C73EA /* Award.swift */ = {isa = PBXFileReference; lastKnownFileType = sourcecode.swift; path = Award.swift; sourceTree = "<group>"; };
		405D51F027AC4C84005C73EA /* AwardsView.swift */ = {isa = PBXFileReference; lastKnownFileType = sourcecode.swift; path = AwardsView.swift; sourceTree = "<group>"; };
		405D51F227AC6D26005C73EA /* Color-Additions.swift */ = {isa = PBXFileReference; lastKnownFileType = sourcecode.swift; path = "Color-Additions.swift"; sourceTree = "<group>"; };
		406B604A27A05BD300B22951 /* EditItemView.swift */ = {isa = PBXFileReference; lastKnownFileType = sourcecode.swift; path = EditItemView.swift; sourceTree = "<group>"; };
		406B604C27A067F000B22951 /* ItemRowView.swift */ = {isa = PBXFileReference; lastKnownFileType = sourcecode.swift; path = ItemRowView.swift; sourceTree = "<group>"; };
		406B606C27A1D6AF00B22951 /* Binding-OnChange.swift */ = {isa = PBXFileReference; lastKnownFileType = sourcecode.swift; path = "Binding-OnChange.swift"; sourceTree = "<group>"; };
		406B607027A1E29C00B22951 /* ProjectHeaderView.swift */ = {isa = PBXFileReference; lastKnownFileType = sourcecode.swift; path = ProjectHeaderView.swift; sourceTree = "<group>"; };
		406B607427A1EB1800B22951 /* Colors.xcassets */ = {isa = PBXFileReference; lastKnownFileType = folder.assetcatalog; path = Colors.xcassets; sourceTree = "<group>"; };
		4075C325279F3DB30058B900 /* Item-CoreDataHelpers.swift */ = {isa = PBXFileReference; lastKnownFileType = sourcecode.swift; path = "Item-CoreDataHelpers.swift"; sourceTree = "<group>"; };
		4075C327279F3F460058B900 /* Project-CoreDataHelpers.swift */ = {isa = PBXFileReference; lastKnownFileType = sourcecode.swift; path = "Project-CoreDataHelpers.swift"; sourceTree = "<group>"; };
		4084C8A127A9C1CB00EC94E6 /* SequenceSorting+Ext.swift */ = {isa = PBXFileReference; lastKnownFileType = sourcecode.swift; path = "SequenceSorting+Ext.swift"; sourceTree = "<group>"; };
		4096AD312798B0FD009C05A6 /* Todoist.app */ = {isa = PBXFileReference; explicitFileType = wrapper.application; includeInIndex = 0; path = Todoist.app; sourceTree = BUILT_PRODUCTS_DIR; };
		4096AD342798B0FD009C05A6 /* TodoistApp.swift */ = {isa = PBXFileReference; lastKnownFileType = sourcecode.swift; path = TodoistApp.swift; sourceTree = "<group>"; };
		4096AD362798B0FD009C05A6 /* ContentView.swift */ = {isa = PBXFileReference; lastKnownFileType = sourcecode.swift; path = ContentView.swift; sourceTree = "<group>"; };
		4096AD382798B0FF009C05A6 /* Assets.xcassets */ = {isa = PBXFileReference; lastKnownFileType = folder.assetcatalog; path = Assets.xcassets; sourceTree = "<group>"; };
		4096AD3B2798B0FF009C05A6 /* Preview Assets.xcassets */ = {isa = PBXFileReference; lastKnownFileType = folder.assetcatalog; path = "Preview Assets.xcassets"; sourceTree = "<group>"; };
		4096AD432798B10E009C05A6 /* Main.xcdatamodel */ = {isa = PBXFileReference; lastKnownFileType = wrapper.xcdatamodel; path = Main.xcdatamodel; sourceTree = "<group>"; };
		4096AD452798B4E5009C05A6 /* DataController.swift */ = {isa = PBXFileReference; lastKnownFileType = sourcecode.swift; path = DataController.swift; sourceTree = "<group>"; };
		4096AD472798C1EC009C05A6 /* Info.plist */ = {isa = PBXFileReference; lastKnownFileType = text.plist.xml; path = Info.plist; sourceTree = "<group>"; };
		40AB920227A694DC00414070 /* EditProjectView.swift */ = {isa = PBXFileReference; lastKnownFileType = sourcecode.swift; path = EditProjectView.swift; sourceTree = "<group>"; };
		40B533A427B44A9C00D6714F /* ItemListView.swift */ = {isa = PBXFileReference; lastKnownFileType = sourcecode.swift; path = ItemListView.swift; sourceTree = "<group>"; };
		40B533A627B44B5000D6714F /* ProjectSummaryView.swift */ = {isa = PBXFileReference; lastKnownFileType = sourcecode.swift; path = ProjectSummaryView.swift; sourceTree = "<group>"; };
		40E0C94D279B41C20098E3E2 /* HomeView.swift */ = {isa = PBXFileReference; lastKnownFileType = sourcecode.swift; path = HomeView.swift; sourceTree = "<group>"; };
		40E0C94F279B42600098E3E2 /* ProjectsView.swift */ = {isa = PBXFileReference; lastKnownFileType = sourcecode.swift; path = ProjectsView.swift; sourceTree = "<group>"; };
		40EA931B27B1B08B00278227 /* Localizable.stringsdict */ = {isa = PBXFileReference; lastKnownFileType = text.plist.stringsdict; path = Localizable.stringsdict; sourceTree = "<group>"; };
		40EA931E27B1BD0100278227 /* en */ = {isa = PBXFileReference; lastKnownFileType = text.plist.strings; name = en; path = en.lproj/Localizable.strings; sourceTree = "<group>"; };
		40EA932027B1BD1900278227 /* pt-BR */ = {isa = PBXFileReference; lastKnownFileType = text.plist.strings; name = "pt-BR"; path = "pt-BR.lproj/Localizable.strings"; sourceTree = "<group>"; };
		40EA932227B1BE4A00278227 /* en */ = {isa = PBXFileReference; lastKnownFileType = text.json; name = en; path = en.lproj/Awards.json; sourceTree = "<group>"; };
		40EA932427B1BE4C00278227 /* pt-BR */ = {isa = PBXFileReference; lastKnownFileType = text.json; name = "pt-BR"; path = "pt-BR.lproj/Awards.json"; sourceTree = "<group>"; };
/* End PBXFileReference section */

/* Begin PBXFrameworksBuildPhase section */
		4052947E27BD9565009A5289 /* Frameworks */ = {
			isa = PBXFrameworksBuildPhase;
			buildActionMask = 2147483647;
			files = (
			);
			runOnlyForDeploymentPostprocessing = 0;
		};
		4096AD2E2798B0FD009C05A6 /* Frameworks */ = {
			isa = PBXFrameworksBuildPhase;
			buildActionMask = 2147483647;
			files = (
			);
			runOnlyForDeploymentPostprocessing = 0;
		};
/* End PBXFrameworksBuildPhase section */

/* Begin PBXGroup section */
		4052947527BC472D009A5289 /* Extensions */ = {
			isa = PBXGroup;
			children = (
				4075C325279F3DB30058B900 /* Item-CoreDataHelpers.swift */,
				4075C327279F3F460058B900 /* Project-CoreDataHelpers.swift */,
				405D51EC27AC424D005C73EA /* Bundle-Decodable+Ext.swift */,
				405D51F227AC6D26005C73EA /* Color-Additions.swift */,
				4084C8A127A9C1CB00EC94E6 /* SequenceSorting+Ext.swift */,
				406B606C27A1D6AF00B22951 /* Binding-OnChange.swift */,
			);
			path = Extensions;
			sourceTree = "<group>";
		};
		4052947727BC4760009A5289 /* Localization */ = {
			isa = PBXGroup;
			children = (
				40EA931F27B1BD0100278227 /* Localizable.strings */,
				40EA931B27B1B08B00278227 /* Localizable.stringsdict */,
			);
			path = Localization;
			sourceTree = "<group>";
		};
		4052947827BC476A009A5289 /* Configuration */ = {
			isa = PBXGroup;
			children = (
				4096AD422798B10E009C05A6 /* Main.xcdatamodeld */,
				4096AD472798C1EC009C05A6 /* Info.plist */,
				406B607427A1EB1800B22951 /* Colors.xcassets */,
			);
			path = Configuration;
			sourceTree = "<group>";
		};
		4052947927BC49FF009A5289 /* Activities */ = {
			isa = PBXGroup;
			children = (
				4052947C27BC4A28009A5289 /* Awards */,
				4052947A27BC4A11009A5289 /* Home */,
				4052947B27BC4A18009A5289 /* Projects */,
			);
			path = Activities;
			sourceTree = "<group>";
		};
		4052947A27BC4A11009A5289 /* Home */ = {
			isa = PBXGroup;
			children = (
				40E0C94D279B41C20098E3E2 /* HomeView.swift */,
				40B533A427B44A9C00D6714F /* ItemListView.swift */,
				40B533A627B44B5000D6714F /* ProjectSummaryView.swift */,
			);
			path = Home;
			sourceTree = "<group>";
		};
		4052947B27BC4A18009A5289 /* Projects */ = {
			isa = PBXGroup;
			children = (
				40E0C94F279B42600098E3E2 /* ProjectsView.swift */,
				405CD41C27AB1C17005BDEE3 /* SelectSomethingView.swift */,
				406B607027A1E29C00B22951 /* ProjectHeaderView.swift */,
				40AB920227A694DC00414070 /* EditProjectView.swift */,
				406B604C27A067F000B22951 /* ItemRowView.swift */,
				406B604A27A05BD300B22951 /* EditItemView.swift */,
			);
			path = Projects;
			sourceTree = "<group>";
		};
		4052947C27BC4A28009A5289 /* Awards */ = {
			isa = PBXGroup;
			children = (
				405D51F027AC4C84005C73EA /* AwardsView.swift */,
				405D51EE27AC4BC5005C73EA /* Award.swift */,
				40EA932327B1BE4A00278227 /* Awards.json */,
			);
			path = Awards;
			sourceTree = "<group>";
		};
		4052948227BD9565009A5289 /* TodoistTests */ = {
			isa = PBXGroup;
			children = (
				4052948327BD9565009A5289 /* TodoistTests.swift */,
				4052948A27BD96CD009A5289 /* AssetTest.swift */,
			);
			path = TodoistTests;
			sourceTree = "<group>";
		};
		4096AD282798B0FD009C05A6 = {
			isa = PBXGroup;
			children = (
				4096AD332798B0FD009C05A6 /* Todoist */,
				4052948227BD9565009A5289 /* TodoistTests */,
				4096AD322798B0FD009C05A6 /* Products */,
			);
			sourceTree = "<group>";
		};
		4096AD322798B0FD009C05A6 /* Products */ = {
			isa = PBXGroup;
			children = (
				4096AD312798B0FD009C05A6 /* Todoist.app */,
				4052948127BD9565009A5289 /* TodoistTests.xctest */,
			);
			name = Products;
			sourceTree = "<group>";
		};
		4096AD332798B0FD009C05A6 /* Todoist */ = {
			isa = PBXGroup;
			children = (
				4096AD362798B0FD009C05A6 /* ContentView.swift */,
				4052947927BC49FF009A5289 /* Activities */,
				4052947827BC476A009A5289 /* Configuration */,
				4052947727BC4760009A5289 /* Localization */,
				4052947527BC472D009A5289 /* Extensions */,
				4096AD342798B0FD009C05A6 /* TodoistApp.swift */,
				4096AD452798B4E5009C05A6 /* DataController.swift */,
				4096AD382798B0FF009C05A6 /* Assets.xcassets */,
				4096AD3A2798B0FF009C05A6 /* Preview Content */,
			);
			path = Todoist;
			sourceTree = "<group>";
		};
		4096AD3A2798B0FF009C05A6 /* Preview Content */ = {
			isa = PBXGroup;
			children = (
				4096AD3B2798B0FF009C05A6 /* Preview Assets.xcassets */,
			);
			path = "Preview Content";
			sourceTree = "<group>";
		};
/* End PBXGroup section */

/* Begin PBXNativeTarget section */
		4052948027BD9565009A5289 /* TodoistTests */ = {
			isa = PBXNativeTarget;
			buildConfigurationList = 4052948927BD9566009A5289 /* Build configuration list for PBXNativeTarget "TodoistTests" */;
			buildPhases = (
				4052947D27BD9565009A5289 /* Sources */,
				4052947E27BD9565009A5289 /* Frameworks */,
				4052947F27BD9565009A5289 /* Resources */,
			);
			buildRules = (
			);
			dependencies = (
				4052948627BD9565009A5289 /* PBXTargetDependency */,
			);
			name = TodoistTests;
			productName = TodoistTests;
			productReference = 4052948127BD9565009A5289 /* TodoistTests.xctest */;
			productType = "com.apple.product-type.bundle.unit-test";
		};
		4096AD302798B0FD009C05A6 /* Todoist */ = {
			isa = PBXNativeTarget;
			buildConfigurationList = 4096AD3F2798B0FF009C05A6 /* Build configuration list for PBXNativeTarget "Todoist" */;
			buildPhases = (
				4096AD2D2798B0FD009C05A6 /* Sources */,
				4096AD2E2798B0FD009C05A6 /* Frameworks */,
				4096AD2F2798B0FD009C05A6 /* Resources */,
			);
			buildRules = (
			);
			dependencies = (
			);
			name = Todoist;
			productName = Todoist;
			productReference = 4096AD312798B0FD009C05A6 /* Todoist.app */;
			productType = "com.apple.product-type.application";
		};
/* End PBXNativeTarget section */

/* Begin PBXProject section */
		4096AD292798B0FD009C05A6 /* Project object */ = {
			isa = PBXProject;
			attributes = {
				BuildIndependentTargetsInParallel = 1;
				LastSwiftUpdateCheck = 1320;
				LastUpgradeCheck = 1320;
				TargetAttributes = {
					4052948027BD9565009A5289 = {
						CreatedOnToolsVersion = 13.2.1;
						TestTargetID = 4096AD302798B0FD009C05A6;
					};
					4096AD302798B0FD009C05A6 = {
						CreatedOnToolsVersion = 13.2.1;
					};
				};
			};
			buildConfigurationList = 4096AD2C2798B0FD009C05A6 /* Build configuration list for PBXProject "Todoist" */;
			compatibilityVersion = "Xcode 13.0";
			developmentRegion = en;
			hasScannedForEncodings = 0;
			knownRegions = (
				en,
				Base,
				"pt-BR",
			);
			mainGroup = 4096AD282798B0FD009C05A6;
			productRefGroup = 4096AD322798B0FD009C05A6 /* Products */;
			projectDirPath = "";
			projectRoot = "";
			targets = (
				4096AD302798B0FD009C05A6 /* Todoist */,
				4052948027BD9565009A5289 /* TodoistTests */,
			);
		};
/* End PBXProject section */

/* Begin PBXResourcesBuildPhase section */
		4052947F27BD9565009A5289 /* Resources */ = {
			isa = PBXResourcesBuildPhase;
			buildActionMask = 2147483647;
			files = (
			);
			runOnlyForDeploymentPostprocessing = 0;
		};
		4096AD2F2798B0FD009C05A6 /* Resources */ = {
			isa = PBXResourcesBuildPhase;
			buildActionMask = 2147483647;
			files = (
				40EA931D27B1BD0100278227 /* Localizable.strings in Resources */,
				406B607527A1EB1800B22951 /* Colors.xcassets in Resources */,
				40EA932127B1BE4A00278227 /* Awards.json in Resources */,
				4096AD3C2798B0FF009C05A6 /* Preview Assets.xcassets in Resources */,
				4096AD392798B0FF009C05A6 /* Assets.xcassets in Resources */,
				40EA931C27B1B08B00278227 /* Localizable.stringsdict in Resources */,
			);
			runOnlyForDeploymentPostprocessing = 0;
		};
/* End PBXResourcesBuildPhase section */

/* Begin PBXSourcesBuildPhase section */
		4052947D27BD9565009A5289 /* Sources */ = {
			isa = PBXSourcesBuildPhase;
			buildActionMask = 2147483647;
			files = (
				4052948B27BD96CD009A5289 /* AssetTest.swift in Sources */,
				4052948427BD9565009A5289 /* TodoistTests.swift in Sources */,
			);
			runOnlyForDeploymentPostprocessing = 0;
		};
		4096AD2D2798B0FD009C05A6 /* Sources */ = {
			isa = PBXSourcesBuildPhase;
			buildActionMask = 2147483647;
			files = (
				40E0C950279B42600098E3E2 /* ProjectsView.swift in Sources */,
				40B533A727B44B5000D6714F /* ProjectSummaryView.swift in Sources */,
				406B607127A1E29C00B22951 /* ProjectHeaderView.swift in Sources */,
				405D51F127AC4C84005C73EA /* AwardsView.swift in Sources */,
				4096AD442798B10E009C05A6 /* Main.xcdatamodeld in Sources */,
				4075C328279F3F460058B900 /* Project-CoreDataHelpers.swift in Sources */,
				405D51F327AC6D26005C73EA /* Color-Additions.swift in Sources */,
				40AB920327A694DC00414070 /* EditProjectView.swift in Sources */,
				4096AD462798B4E5009C05A6 /* DataController.swift in Sources */,
				405CD41D27AB1C17005BDEE3 /* SelectSomethingView.swift in Sources */,
				405D51EF27AC4BC5005C73EA /* Award.swift in Sources */,
				406B604D27A067F000B22951 /* ItemRowView.swift in Sources */,
				4084C8A227A9C1CB00EC94E6 /* SequenceSorting+Ext.swift in Sources */,
				4096AD372798B0FD009C05A6 /* ContentView.swift in Sources */,
				406B606D27A1D6AF00B22951 /* Binding-OnChange.swift in Sources */,
				405D51ED27AC424D005C73EA /* Bundle-Decodable+Ext.swift in Sources */,
				40B533A527B44A9C00D6714F /* ItemListView.swift in Sources */,
				40E0C94E279B41C20098E3E2 /* HomeView.swift in Sources */,
				4096AD352798B0FD009C05A6 /* TodoistApp.swift in Sources */,
				4075C326279F3DB30058B900 /* Item-CoreDataHelpers.swift in Sources */,
				406B604B27A05BD300B22951 /* EditItemView.swift in Sources */,
			);
			runOnlyForDeploymentPostprocessing = 0;
		};
/* End PBXSourcesBuildPhase section */

/* Begin PBXTargetDependency section */
		4052948627BD9565009A5289 /* PBXTargetDependency */ = {
			isa = PBXTargetDependency;
			target = 4096AD302798B0FD009C05A6 /* Todoist */;
			targetProxy = 4052948527BD9565009A5289 /* PBXContainerItemProxy */;
		};
/* End PBXTargetDependency section */

/* Begin PBXVariantGroup section */
		40EA931F27B1BD0100278227 /* Localizable.strings */ = {
			isa = PBXVariantGroup;
			children = (
				40EA931E27B1BD0100278227 /* en */,
				40EA932027B1BD1900278227 /* pt-BR */,
			);
			name = Localizable.strings;
			sourceTree = "<group>";
		};
		40EA932327B1BE4A00278227 /* Awards.json */ = {
			isa = PBXVariantGroup;
			children = (
				40EA932227B1BE4A00278227 /* en */,
				40EA932427B1BE4C00278227 /* pt-BR */,
			);
			name = Awards.json;
			sourceTree = "<group>";
		};
/* End PBXVariantGroup section */

/* Begin XCBuildConfiguration section */
		4052948727BD9565009A5289 /* Debug */ = {
			isa = XCBuildConfiguration;
			buildSettings = {
				BUNDLE_LOADER = "$(TEST_HOST)";
				CODE_SIGN_STYLE = Automatic;
				CURRENT_PROJECT_VERSION = 1;
				DEVELOPMENT_TEAM = 2AS4F3T75B;
				GENERATE_INFOPLIST_FILE = YES;
				MARKETING_VERSION = 1.0;
				PRODUCT_BUNDLE_IDENTIFIER = com.Frederico.TodoistTests;
				PRODUCT_NAME = "$(TARGET_NAME)";
				SWIFT_EMIT_LOC_STRINGS = NO;
				SWIFT_VERSION = 5.0;
				TARGETED_DEVICE_FAMILY = "1,2";
				TEST_HOST = "$(BUILT_PRODUCTS_DIR)/Todoist.app/Todoist";
			};
			name = Debug;
		};
		4052948827BD9565009A5289 /* Release */ = {
			isa = XCBuildConfiguration;
			buildSettings = {
				BUNDLE_LOADER = "$(TEST_HOST)";
				CODE_SIGN_STYLE = Automatic;
				CURRENT_PROJECT_VERSION = 1;
				DEVELOPMENT_TEAM = 2AS4F3T75B;
				GENERATE_INFOPLIST_FILE = YES;
				MARKETING_VERSION = 1.0;
				PRODUCT_BUNDLE_IDENTIFIER = com.Frederico.TodoistTests;
				PRODUCT_NAME = "$(TARGET_NAME)";
				SWIFT_EMIT_LOC_STRINGS = NO;
				SWIFT_VERSION = 5.0;
				TARGETED_DEVICE_FAMILY = "1,2";
				TEST_HOST = "$(BUILT_PRODUCTS_DIR)/Todoist.app/Todoist";
			};
			name = Release;
		};
		4096AD3D2798B0FF009C05A6 /* Debug */ = {
			isa = XCBuildConfiguration;
			buildSettings = {
				ALWAYS_SEARCH_USER_PATHS = NO;
				CLANG_ANALYZER_NONNULL = YES;
				CLANG_ANALYZER_NUMBER_OBJECT_CONVERSION = YES_AGGRESSIVE;
				CLANG_CXX_LANGUAGE_STANDARD = "gnu++17";
				CLANG_CXX_LIBRARY = "libc++";
				CLANG_ENABLE_MODULES = YES;
				CLANG_ENABLE_OBJC_ARC = YES;
				CLANG_ENABLE_OBJC_WEAK = YES;
				CLANG_WARN_BLOCK_CAPTURE_AUTORELEASING = YES;
				CLANG_WARN_BOOL_CONVERSION = YES;
				CLANG_WARN_COMMA = YES;
				CLANG_WARN_CONSTANT_CONVERSION = YES;
				CLANG_WARN_DEPRECATED_OBJC_IMPLEMENTATIONS = YES;
				CLANG_WARN_DIRECT_OBJC_ISA_USAGE = YES_ERROR;
				CLANG_WARN_DOCUMENTATION_COMMENTS = YES;
				CLANG_WARN_EMPTY_BODY = YES;
				CLANG_WARN_ENUM_CONVERSION = YES;
				CLANG_WARN_INFINITE_RECURSION = YES;
				CLANG_WARN_INT_CONVERSION = YES;
				CLANG_WARN_NON_LITERAL_NULL_CONVERSION = YES;
				CLANG_WARN_OBJC_IMPLICIT_RETAIN_SELF = YES;
				CLANG_WARN_OBJC_LITERAL_CONVERSION = YES;
				CLANG_WARN_OBJC_ROOT_CLASS = YES_ERROR;
				CLANG_WARN_QUOTED_INCLUDE_IN_FRAMEWORK_HEADER = YES;
				CLANG_WARN_RANGE_LOOP_ANALYSIS = YES;
				CLANG_WARN_STRICT_PROTOTYPES = YES;
				CLANG_WARN_SUSPICIOUS_MOVE = YES;
				CLANG_WARN_UNGUARDED_AVAILABILITY = YES_AGGRESSIVE;
				CLANG_WARN_UNREACHABLE_CODE = YES;
				CLANG_WARN__DUPLICATE_METHOD_MATCH = YES;
				COPY_PHASE_STRIP = NO;
				DEBUG_INFORMATION_FORMAT = dwarf;
				ENABLE_STRICT_OBJC_MSGSEND = YES;
				ENABLE_TESTABILITY = YES;
				GCC_C_LANGUAGE_STANDARD = gnu11;
				GCC_DYNAMIC_NO_PIC = NO;
				GCC_NO_COMMON_BLOCKS = YES;
				GCC_OPTIMIZATION_LEVEL = 0;
				GCC_PREPROCESSOR_DEFINITIONS = (
					"DEBUG=1",
					"$(inherited)",
				);
				GCC_WARN_64_TO_32_BIT_CONVERSION = YES;
				GCC_WARN_ABOUT_RETURN_TYPE = YES_ERROR;
				GCC_WARN_UNDECLARED_SELECTOR = YES;
				GCC_WARN_UNINITIALIZED_AUTOS = YES_AGGRESSIVE;
				GCC_WARN_UNUSED_FUNCTION = YES;
				GCC_WARN_UNUSED_VARIABLE = YES;
				IPHONEOS_DEPLOYMENT_TARGET = 15.2;
				MTL_ENABLE_DEBUG_INFO = INCLUDE_SOURCE;
				MTL_FAST_MATH = YES;
				ONLY_ACTIVE_ARCH = YES;
				SDKROOT = iphoneos;
				SWIFT_ACTIVE_COMPILATION_CONDITIONS = DEBUG;
				SWIFT_OPTIMIZATION_LEVEL = "-Onone";
			};
			name = Debug;
		};
		4096AD3E2798B0FF009C05A6 /* Release */ = {
			isa = XCBuildConfiguration;
			buildSettings = {
				ALWAYS_SEARCH_USER_PATHS = NO;
				CLANG_ANALYZER_NONNULL = YES;
				CLANG_ANALYZER_NUMBER_OBJECT_CONVERSION = YES_AGGRESSIVE;
				CLANG_CXX_LANGUAGE_STANDARD = "gnu++17";
				CLANG_CXX_LIBRARY = "libc++";
				CLANG_ENABLE_MODULES = YES;
				CLANG_ENABLE_OBJC_ARC = YES;
				CLANG_ENABLE_OBJC_WEAK = YES;
				CLANG_WARN_BLOCK_CAPTURE_AUTORELEASING = YES;
				CLANG_WARN_BOOL_CONVERSION = YES;
				CLANG_WARN_COMMA = YES;
				CLANG_WARN_CONSTANT_CONVERSION = YES;
				CLANG_WARN_DEPRECATED_OBJC_IMPLEMENTATIONS = YES;
				CLANG_WARN_DIRECT_OBJC_ISA_USAGE = YES_ERROR;
				CLANG_WARN_DOCUMENTATION_COMMENTS = YES;
				CLANG_WARN_EMPTY_BODY = YES;
				CLANG_WARN_ENUM_CONVERSION = YES;
				CLANG_WARN_INFINITE_RECURSION = YES;
				CLANG_WARN_INT_CONVERSION = YES;
				CLANG_WARN_NON_LITERAL_NULL_CONVERSION = YES;
				CLANG_WARN_OBJC_IMPLICIT_RETAIN_SELF = YES;
				CLANG_WARN_OBJC_LITERAL_CONVERSION = YES;
				CLANG_WARN_OBJC_ROOT_CLASS = YES_ERROR;
				CLANG_WARN_QUOTED_INCLUDE_IN_FRAMEWORK_HEADER = YES;
				CLANG_WARN_RANGE_LOOP_ANALYSIS = YES;
				CLANG_WARN_STRICT_PROTOTYPES = YES;
				CLANG_WARN_SUSPICIOUS_MOVE = YES;
				CLANG_WARN_UNGUARDED_AVAILABILITY = YES_AGGRESSIVE;
				CLANG_WARN_UNREACHABLE_CODE = YES;
				CLANG_WARN__DUPLICATE_METHOD_MATCH = YES;
				COPY_PHASE_STRIP = NO;
				DEBUG_INFORMATION_FORMAT = "dwarf-with-dsym";
				ENABLE_NS_ASSERTIONS = NO;
				ENABLE_STRICT_OBJC_MSGSEND = YES;
				GCC_C_LANGUAGE_STANDARD = gnu11;
				GCC_NO_COMMON_BLOCKS = YES;
				GCC_WARN_64_TO_32_BIT_CONVERSION = YES;
				GCC_WARN_ABOUT_RETURN_TYPE = YES_ERROR;
				GCC_WARN_UNDECLARED_SELECTOR = YES;
				GCC_WARN_UNINITIALIZED_AUTOS = YES_AGGRESSIVE;
				GCC_WARN_UNUSED_FUNCTION = YES;
				GCC_WARN_UNUSED_VARIABLE = YES;
				IPHONEOS_DEPLOYMENT_TARGET = 15.2;
				MTL_ENABLE_DEBUG_INFO = NO;
				MTL_FAST_MATH = YES;
				SDKROOT = iphoneos;
				SWIFT_COMPILATION_MODE = wholemodule;
				SWIFT_OPTIMIZATION_LEVEL = "-O";
				VALIDATE_PRODUCT = YES;
			};
			name = Release;
		};
		4096AD402798B0FF009C05A6 /* Debug */ = {
			isa = XCBuildConfiguration;
			buildSettings = {
				ASSETCATALOG_COMPILER_APPICON_NAME = AppIcon;
				ASSETCATALOG_COMPILER_GLOBAL_ACCENT_COLOR_NAME = AccentColor;
				CODE_SIGN_STYLE = Automatic;
				CURRENT_PROJECT_VERSION = 1;
				DEVELOPMENT_ASSET_PATHS = "\"Todoist/Preview Content\"";
				DEVELOPMENT_TEAM = 2AS4F3T75B;
				ENABLE_PREVIEWS = YES;
				GENERATE_INFOPLIST_FILE = YES;
				INFOPLIST_FILE = Todoist/Configuration/Info.plist;
				INFOPLIST_KEY_UIApplicationSceneManifest_Generation = YES;
				INFOPLIST_KEY_UIApplicationSupportsIndirectInputEvents = YES;
				INFOPLIST_KEY_UILaunchScreen_Generation = YES;
				INFOPLIST_KEY_UISupportedInterfaceOrientations_iPad = "UIInterfaceOrientationPortrait UIInterfaceOrientationPortraitUpsideDown UIInterfaceOrientationLandscapeLeft UIInterfaceOrientationLandscapeRight";
				INFOPLIST_KEY_UISupportedInterfaceOrientations_iPhone = "UIInterfaceOrientationPortrait UIInterfaceOrientationLandscapeLeft UIInterfaceOrientationLandscapeRight";
				LD_RUNPATH_SEARCH_PATHS = (
					"$(inherited)",
					"@executable_path/Frameworks",
				);
				MARKETING_VERSION = 1.0;
				PRODUCT_BUNDLE_IDENTIFIER = com.Frederico.Todoist;
				PRODUCT_NAME = "$(TARGET_NAME)";
				SWIFT_EMIT_LOC_STRINGS = YES;
				SWIFT_VERSION = 5.0;
				TARGETED_DEVICE_FAMILY = "1,2";
			};
			name = Debug;
		};
		4096AD412798B0FF009C05A6 /* Release */ = {
			isa = XCBuildConfiguration;
			buildSettings = {
				ASSETCATALOG_COMPILER_APPICON_NAME = AppIcon;
				ASSETCATALOG_COMPILER_GLOBAL_ACCENT_COLOR_NAME = AccentColor;
				CODE_SIGN_STYLE = Automatic;
				CURRENT_PROJECT_VERSION = 1;
				DEVELOPMENT_ASSET_PATHS = "\"Todoist/Preview Content\"";
				DEVELOPMENT_TEAM = 2AS4F3T75B;
				ENABLE_PREVIEWS = YES;
				GENERATE_INFOPLIST_FILE = YES;
				INFOPLIST_FILE = Todoist/Configuration/Info.plist;
				INFOPLIST_KEY_UIApplicationSceneManifest_Generation = YES;
				INFOPLIST_KEY_UIApplicationSupportsIndirectInputEvents = YES;
				INFOPLIST_KEY_UILaunchScreen_Generation = YES;
				INFOPLIST_KEY_UISupportedInterfaceOrientations_iPad = "UIInterfaceOrientationPortrait UIInterfaceOrientationPortraitUpsideDown UIInterfaceOrientationLandscapeLeft UIInterfaceOrientationLandscapeRight";
				INFOPLIST_KEY_UISupportedInterfaceOrientations_iPhone = "UIInterfaceOrientationPortrait UIInterfaceOrientationLandscapeLeft UIInterfaceOrientationLandscapeRight";
				LD_RUNPATH_SEARCH_PATHS = (
					"$(inherited)",
					"@executable_path/Frameworks",
				);
				MARKETING_VERSION = 1.0;
				PRODUCT_BUNDLE_IDENTIFIER = com.Frederico.Todoist;
				PRODUCT_NAME = "$(TARGET_NAME)";
				SWIFT_EMIT_LOC_STRINGS = YES;
				SWIFT_VERSION = 5.0;
				TARGETED_DEVICE_FAMILY = "1,2";
			};
			name = Release;
		};
/* End XCBuildConfiguration section */

/* Begin XCConfigurationList section */
		4052948927BD9566009A5289 /* Build configuration list for PBXNativeTarget "TodoistTests" */ = {
			isa = XCConfigurationList;
			buildConfigurations = (
				4052948727BD9565009A5289 /* Debug */,
				4052948827BD9565009A5289 /* Release */,
			);
			defaultConfigurationIsVisible = 0;
			defaultConfigurationName = Release;
		};
		4096AD2C2798B0FD009C05A6 /* Build configuration list for PBXProject "Todoist" */ = {
			isa = XCConfigurationList;
			buildConfigurations = (
				4096AD3D2798B0FF009C05A6 /* Debug */,
				4096AD3E2798B0FF009C05A6 /* Release */,
			);
			defaultConfigurationIsVisible = 0;
			defaultConfigurationName = Release;
		};
		4096AD3F2798B0FF009C05A6 /* Build configuration list for PBXNativeTarget "Todoist" */ = {
			isa = XCConfigurationList;
			buildConfigurations = (
				4096AD402798B0FF009C05A6 /* Debug */,
				4096AD412798B0FF009C05A6 /* Release */,
			);
			defaultConfigurationIsVisible = 0;
			defaultConfigurationName = Release;
		};
/* End XCConfigurationList section */

/* Begin XCVersionGroup section */
		4096AD422798B10E009C05A6 /* Main.xcdatamodeld */ = {
			isa = XCVersionGroup;
			children = (
				4096AD432798B10E009C05A6 /* Main.xcdatamodel */,
			);
			currentVersion = 4096AD432798B10E009C05A6 /* Main.xcdatamodel */;
			path = Main.xcdatamodeld;
			sourceTree = "<group>";
			versionGroupType = wrapper.xcdatamodel;
		};
/* End XCVersionGroup section */
	};
	rootObject = 4096AD292798B0FD009C05A6 /* Project object */;
}
